
Microsoft Visual Studio Solution File, Format Version 12.00
# Visual Studio Version 16
VisualStudioVersion = 16.0.30621.155
MinimumVisualStudioVersion = 10.0.40219.1
Project("{9A19103F-16F7-4668-BE54-9A1E7A4F7556}") = "Service.Jira", "Service.Jira\Service.Jira.csproj", "{67D8EB04-4746-47C3-B4B3-25B5CCA8A065}"
EndProject
Project("{9A19103F-16F7-4668-BE54-9A1E7A4F7556}") = "Service.Outlook", "Service.Outlook\Service.Outlook.csproj", "{CCD4FF78-CABF-48E1-B0F2-DA4F884A5D07}"
EndProject
Project("{9A19103F-16F7-4668-BE54-9A1E7A4F7556}") = "Global", "Global\Global.csproj", "{7E0089AA-7E40-445D-A211-549B9FC188BC}"
EndProject
Project("{9A19103F-16F7-4668-BE54-9A1E7A4F7556}") = "ServiceBus", "ServiceBus\ServiceBus.csproj", "{414660A2-2181-49B1-B22A-673EA38E1946}"
EndProject
Project("{9A19103F-16F7-4668-BE54-9A1E7A4F7556}") = "Service.Produktteam", "Service.Produktteam\Service.Produktteam.csproj", "{7E2BF3CE-883D-443B-AC8C-4020D464275D}"
EndProject
Global
	GlobalSection(SolutionConfigurationPlatforms) = preSolution
		Debug|Any CPU = Debug|Any CPU
		Release|Any CPU = Release|Any CPU
	EndGlobalSection
	GlobalSection(ProjectConfigurationPlatforms) = postSolution
		{67D8EB04-4746-47C3-B4B3-25B5CCA8A065}.Debug|Any CPU.ActiveCfg = Debug|Any CPU
		{67D8EB04-4746-47C3-B4B3-25B5CCA8A065}.Debug|Any CPU.Build.0 = Debug|Any CPU
		{67D8EB04-4746-47C3-B4B3-25B5CCA8A065}.Release|Any CPU.ActiveCfg = Release|Any CPU
		{67D8EB04-4746-47C3-B4B3-25B5CCA8A065}.Release|Any CPU.Build.0 = Release|Any CPU
		{CCD4FF78-CABF-48E1-B0F2-DA4F884A5D07}.Debug|Any CPU.ActiveCfg = Debug|Any CPU
		{CCD4FF78-CABF-48E1-B0F2-DA4F884A5D07}.Debug|Any CPU.Build.0 = Debug|Any CPU
		{CCD4FF78-CABF-48E1-B0F2-DA4F884A5D07}.Release|Any CPU.ActiveCfg = Release|Any CPU
		{CCD4FF78-CABF-48E1-B0F2-DA4F884A5D07}.Release|Any CPU.Build.0 = Release|Any CPU
		{7E0089AA-7E40-445D-A211-549B9FC188BC}.Debug|Any CPU.ActiveCfg = Debug|Any CPU
		{7E0089AA-7E40-445D-A211-549B9FC188BC}.Debug|Any CPU.Build.0 = Debug|Any CPU
		{7E0089AA-7E40-445D-A211-549B9FC188BC}.Release|Any CPU.ActiveCfg = Release|Any CPU
		{7E0089AA-7E40-445D-A211-549B9FC188BC}.Release|Any CPU.Build.0 = Release|Any CPU
		{414660A2-2181-49B1-B22A-673EA38E1946}.Debug|Any CPU.ActiveCfg = Debug|Any CPU
		{414660A2-2181-49B1-B22A-673EA38E1946}.Debug|Any CPU.Build.0 = Debug|Any CPU
		{414660A2-2181-49B1-B22A-673EA38E1946}.Release|Any CPU.ActiveCfg = Release|Any CPU
		{414660A2-2181-49B1-B22A-673EA38E1946}.Release|Any CPU.Build.0 = Release|Any CPU
		{7E2BF3CE-883D-443B-AC8C-4020D464275D}.Debug|Any CPU.ActiveCfg = Debug|Any CPU
		{7E2BF3CE-883D-443B-AC8C-4020D464275D}.Debug|Any CPU.Build.0 = Debug|Any CPU
		{7E2BF3CE-883D-443B-AC8C-4020D464275D}.Release|Any CPU.ActiveCfg = Release|Any CPU
		{7E2BF3CE-883D-443B-AC8C-4020D464275D}.Release|Any CPU.Build.0 = Release|Any CPU
	EndGlobalSection
	GlobalSection(SolutionProperties) = preSolution
		HideSolutionNode = FALSE
	EndGlobalSection
	GlobalSection(ExtensibilityGlobals) = postSolution
		SolutionGuid = {FD3A8AD2-68CB-40CF-B06C-075910035820}
	EndGlobalSection
EndGlobal
